
Microsoft Visual Studio Solution File, Format Version 12.00
# Visual Studio Version 16
VisualStudioVersion = 16.0.30621.155
MinimumVisualStudioVersion = 10.0.40219.1
Project("{FAE04EC0-301F-11D3-BF4B-00C04F79EFBC}") = "Fisa_6_Cuvinte1_973", "Fisa_6_Cuvinte1_973.csproj", "{BE855AC7-7CF8-4668-A43D-A74B73275958}"
EndProject
Global
	GlobalSection(SolutionConfigurationPlatforms) = preSolution
		Debug|Any CPU = Debug|Any CPU
		Release|Any CPU = Release|Any CPU
	EndGlobalSection
	GlobalSection(ProjectConfigurationPlatforms) = postSolution
		{BE855AC7-7CF8-4668-A43D-A74B73275958}.Debug|Any CPU.ActiveCfg = Debug|Any CPU
		{BE855AC7-7CF8-4668-A43D-A74B73275958}.Debug|Any CPU.Build.0 = Debug|Any CPU
		{BE855AC7-7CF8-4668-A43D-A74B73275958}.Release|Any CPU.ActiveCfg = Release|Any CPU
		{BE855AC7-7CF8-4668-A43D-A74B73275958}.Release|Any CPU.Build.0 = Release|Any CPU
	EndGlobalSection
	GlobalSection(SolutionProperties) = preSolution
		HideSolutionNode = FALSE
	EndGlobalSection
	GlobalSection(ExtensibilityGlobals) = postSolution
		SolutionGuid = {BB3EBADA-8890-4ABB-86B0-A311167EDB99}
	EndGlobalSection
EndGlobal
