
Microsoft Visual Studio Solution File, Format Version 12.00
# Visual Studio Version 16
VisualStudioVersion = 16.0.30523.141
MinimumVisualStudioVersion = 10.0.40219.1
Project("{FAE04EC0-301F-11D3-BF4B-00C04F79EFBC}") = "Fisa_5", "Fisa_5\Fisa_5.csproj", "{0915070F-91EB-48FE-AA5D-643228C8300E}"
EndProject
Global
	GlobalSection(SolutionConfigurationPlatforms) = preSolution
		Debug|Any CPU = Debug|Any CPU
		Release|Any CPU = Release|Any CPU
	EndGlobalSection
	GlobalSection(ProjectConfigurationPlatforms) = postSolution
		{0915070F-91EB-48FE-AA5D-643228C8300E}.Debug|Any CPU.ActiveCfg = Debug|Any CPU
		{0915070F-91EB-48FE-AA5D-643228C8300E}.Debug|Any CPU.Build.0 = Debug|Any CPU
		{0915070F-91EB-48FE-AA5D-643228C8300E}.Release|Any CPU.ActiveCfg = Release|Any CPU
		{0915070F-91EB-48FE-AA5D-643228C8300E}.Release|Any CPU.Build.0 = Release|Any CPU
	EndGlobalSection
	GlobalSection(SolutionProperties) = preSolution
		HideSolutionNode = FALSE
	EndGlobalSection
	GlobalSection(ExtensibilityGlobals) = postSolution
		SolutionGuid = {332AA5C0-3239-4571-894B-785F3E81180A}
	EndGlobalSection
EndGlobal
