
Microsoft Visual Studio Solution File, Format Version 12.00
# Visual Studio Version 16
VisualStudioVersion = 16.0.30523.141
MinimumVisualStudioVersion = 10.0.40219.1
Project("{FAE04EC0-301F-11D3-BF4B-00C04F79EFBC}") = "Fisa1_2", "Fisa1_2\Fisa1_2.csproj", "{504A3653-B68B-43A7-A7D0-D42A83E54C84}"
EndProject
Global
	GlobalSection(SolutionConfigurationPlatforms) = preSolution
		Debug|Any CPU = Debug|Any CPU
		Release|Any CPU = Release|Any CPU
	EndGlobalSection
	GlobalSection(ProjectConfigurationPlatforms) = postSolution
		{504A3653-B68B-43A7-A7D0-D42A83E54C84}.Debug|Any CPU.ActiveCfg = Debug|Any CPU
		{504A3653-B68B-43A7-A7D0-D42A83E54C84}.Debug|Any CPU.Build.0 = Debug|Any CPU
		{504A3653-B68B-43A7-A7D0-D42A83E54C84}.Release|Any CPU.ActiveCfg = Release|Any CPU
		{504A3653-B68B-43A7-A7D0-D42A83E54C84}.Release|Any CPU.Build.0 = Release|Any CPU
	EndGlobalSection
	GlobalSection(SolutionProperties) = preSolution
		HideSolutionNode = FALSE
	EndGlobalSection
	GlobalSection(ExtensibilityGlobals) = postSolution
		SolutionGuid = {7308F0B5-C64F-41BB-A6F5-D3270BE1819E}
	EndGlobalSection
EndGlobal
