
Microsoft Visual Studio Solution File, Format Version 12.00
# Visual Studio Version 16
VisualStudioVersion = 16.0.30523.141
MinimumVisualStudioVersion = 10.0.40219.1
Project("{FAE04EC0-301F-11D3-BF4B-00C04F79EFBC}") = "Fisa4_2", "Fisa4_2\Fisa4_2.csproj", "{6FCB7CA1-93FF-4CEE-A1B2-298C491AC67B}"
EndProject
Global
	GlobalSection(SolutionConfigurationPlatforms) = preSolution
		Debug|Any CPU = Debug|Any CPU
		Release|Any CPU = Release|Any CPU
	EndGlobalSection
	GlobalSection(ProjectConfigurationPlatforms) = postSolution
		{6FCB7CA1-93FF-4CEE-A1B2-298C491AC67B}.Debug|Any CPU.ActiveCfg = Debug|Any CPU
		{6FCB7CA1-93FF-4CEE-A1B2-298C491AC67B}.Debug|Any CPU.Build.0 = Debug|Any CPU
		{6FCB7CA1-93FF-4CEE-A1B2-298C491AC67B}.Release|Any CPU.ActiveCfg = Release|Any CPU
		{6FCB7CA1-93FF-4CEE-A1B2-298C491AC67B}.Release|Any CPU.Build.0 = Release|Any CPU
	EndGlobalSection
	GlobalSection(SolutionProperties) = preSolution
		HideSolutionNode = FALSE
	EndGlobalSection
	GlobalSection(ExtensibilityGlobals) = postSolution
		SolutionGuid = {CC24D48D-68AC-4183-BCFA-0B97801C420F}
	EndGlobalSection
EndGlobal
