
Microsoft Visual Studio Solution File, Format Version 12.00
# Visual Studio Version 16
VisualStudioVersion = 16.0.30517.126
MinimumVisualStudioVersion = 10.0.40219.1
Project("{FAE04EC0-301F-11D3-BF4B-00C04F79EFBC}") = "Fisa4_2", "Fisa4_2.csproj", "{028FEB17-69F9-4B52-A503-F3A77D64B23F}"
EndProject
Global
	GlobalSection(SolutionConfigurationPlatforms) = preSolution
		Debug|Any CPU = Debug|Any CPU
		Release|Any CPU = Release|Any CPU
	EndGlobalSection
	GlobalSection(ProjectConfigurationPlatforms) = postSolution
		{028FEB17-69F9-4B52-A503-F3A77D64B23F}.Debug|Any CPU.ActiveCfg = Debug|Any CPU
		{028FEB17-69F9-4B52-A503-F3A77D64B23F}.Debug|Any CPU.Build.0 = Debug|Any CPU
		{028FEB17-69F9-4B52-A503-F3A77D64B23F}.Release|Any CPU.ActiveCfg = Release|Any CPU
		{028FEB17-69F9-4B52-A503-F3A77D64B23F}.Release|Any CPU.Build.0 = Release|Any CPU
	EndGlobalSection
	GlobalSection(SolutionProperties) = preSolution
		HideSolutionNode = FALSE
	EndGlobalSection
	GlobalSection(ExtensibilityGlobals) = postSolution
		SolutionGuid = {824191BC-CA9D-4F71-B0F0-75AC745D0ED4}
	EndGlobalSection
EndGlobal
