
Microsoft Visual Studio Solution File, Format Version 12.00
# Visual Studio Version 16
VisualStudioVersion = 16.0.30523.141
MinimumVisualStudioVersion = 10.0.40219.1
Project("{FAE04EC0-301F-11D3-BF4B-00C04F79EFBC}") = "Fisa1_3", "Fisa1_3\Fisa1_3.csproj", "{6AA17FD0-BC0F-4408-8F12-11CCFDE438F8}"
EndProject
Global
	GlobalSection(SolutionConfigurationPlatforms) = preSolution
		Debug|Any CPU = Debug|Any CPU
		Release|Any CPU = Release|Any CPU
	EndGlobalSection
	GlobalSection(ProjectConfigurationPlatforms) = postSolution
		{6AA17FD0-BC0F-4408-8F12-11CCFDE438F8}.Debug|Any CPU.ActiveCfg = Debug|Any CPU
		{6AA17FD0-BC0F-4408-8F12-11CCFDE438F8}.Debug|Any CPU.Build.0 = Debug|Any CPU
		{6AA17FD0-BC0F-4408-8F12-11CCFDE438F8}.Release|Any CPU.ActiveCfg = Release|Any CPU
		{6AA17FD0-BC0F-4408-8F12-11CCFDE438F8}.Release|Any CPU.Build.0 = Release|Any CPU
	EndGlobalSection
	GlobalSection(SolutionProperties) = preSolution
		HideSolutionNode = FALSE
	EndGlobalSection
	GlobalSection(ExtensibilityGlobals) = postSolution
		SolutionGuid = {8AD4DAF5-BB08-4270-BD9A-DAF7926DE658}
	EndGlobalSection
EndGlobal
