
Microsoft Visual Studio Solution File, Format Version 12.00
# Visual Studio Version 16
VisualStudioVersion = 16.0.30523.141
MinimumVisualStudioVersion = 10.0.40219.1
Project("{FAE04EC0-301F-11D3-BF4B-00C04F79EFBC}") = "Fisa3_5", "Fisa3_5\Fisa3_5.csproj", "{FF58D672-6B32-4550-AD18-EBD19FA25F28}"
EndProject
Global
	GlobalSection(SolutionConfigurationPlatforms) = preSolution
		Debug|Any CPU = Debug|Any CPU
		Release|Any CPU = Release|Any CPU
	EndGlobalSection
	GlobalSection(ProjectConfigurationPlatforms) = postSolution
		{FF58D672-6B32-4550-AD18-EBD19FA25F28}.Debug|Any CPU.ActiveCfg = Debug|Any CPU
		{FF58D672-6B32-4550-AD18-EBD19FA25F28}.Debug|Any CPU.Build.0 = Debug|Any CPU
		{FF58D672-6B32-4550-AD18-EBD19FA25F28}.Release|Any CPU.ActiveCfg = Release|Any CPU
		{FF58D672-6B32-4550-AD18-EBD19FA25F28}.Release|Any CPU.Build.0 = Release|Any CPU
	EndGlobalSection
	GlobalSection(SolutionProperties) = preSolution
		HideSolutionNode = FALSE
	EndGlobalSection
	GlobalSection(ExtensibilityGlobals) = postSolution
		SolutionGuid = {6E09452C-F149-4BDA-966E-3D2CD10475DC}
	EndGlobalSection
EndGlobal
