
Microsoft Visual Studio Solution File, Format Version 12.00
# Visual Studio Version 16
VisualStudioVersion = 16.0.30621.155
MinimumVisualStudioVersion = 10.0.40219.1
Project("{FAE04EC0-301F-11D3-BF4B-00C04F79EFBC}") = "Culori", "Culori.csproj", "{F5A4769E-03F6-4FEB-BAD2-98D1F745F495}"
EndProject
Global
	GlobalSection(SolutionConfigurationPlatforms) = preSolution
		Debug|Any CPU = Debug|Any CPU
		Release|Any CPU = Release|Any CPU
	EndGlobalSection
	GlobalSection(ProjectConfigurationPlatforms) = postSolution
		{F5A4769E-03F6-4FEB-BAD2-98D1F745F495}.Debug|Any CPU.ActiveCfg = Debug|Any CPU
		{F5A4769E-03F6-4FEB-BAD2-98D1F745F495}.Debug|Any CPU.Build.0 = Debug|Any CPU
		{F5A4769E-03F6-4FEB-BAD2-98D1F745F495}.Release|Any CPU.ActiveCfg = Release|Any CPU
		{F5A4769E-03F6-4FEB-BAD2-98D1F745F495}.Release|Any CPU.Build.0 = Release|Any CPU
	EndGlobalSection
	GlobalSection(SolutionProperties) = preSolution
		HideSolutionNode = FALSE
	EndGlobalSection
	GlobalSection(ExtensibilityGlobals) = postSolution
		SolutionGuid = {AF949231-512B-4F76-8A03-4CBF70C7902B}
	EndGlobalSection
EndGlobal
