
Microsoft Visual Studio Solution File, Format Version 12.00
# Visual Studio Version 16
VisualStudioVersion = 16.0.30523.141
MinimumVisualStudioVersion = 10.0.40219.1
Project("{FAE04EC0-301F-11D3-BF4B-00C04F79EFBC}") = "FIsa1_1", "FIsa1_1\FIsa1_1.csproj", "{249BA0CA-C3AF-4824-ACCB-CF9D112DB814}"
EndProject
Global
	GlobalSection(SolutionConfigurationPlatforms) = preSolution
		Debug|Any CPU = Debug|Any CPU
		Release|Any CPU = Release|Any CPU
	EndGlobalSection
	GlobalSection(ProjectConfigurationPlatforms) = postSolution
		{249BA0CA-C3AF-4824-ACCB-CF9D112DB814}.Debug|Any CPU.ActiveCfg = Debug|Any CPU
		{249BA0CA-C3AF-4824-ACCB-CF9D112DB814}.Debug|Any CPU.Build.0 = Debug|Any CPU
		{249BA0CA-C3AF-4824-ACCB-CF9D112DB814}.Release|Any CPU.ActiveCfg = Release|Any CPU
		{249BA0CA-C3AF-4824-ACCB-CF9D112DB814}.Release|Any CPU.Build.0 = Release|Any CPU
	EndGlobalSection
	GlobalSection(SolutionProperties) = preSolution
		HideSolutionNode = FALSE
	EndGlobalSection
	GlobalSection(ExtensibilityGlobals) = postSolution
		SolutionGuid = {FDF900AD-BE08-4633-80BA-E8103A6A4115}
	EndGlobalSection
EndGlobal
