
Microsoft Visual Studio Solution File, Format Version 12.00
# Visual Studio Version 16
VisualStudioVersion = 16.0.30621.155
MinimumVisualStudioVersion = 10.0.40219.1
Project("{FAE04EC0-301F-11D3-BF4B-00C04F79EFBC}") = "Fruncte", "Fruncte.csproj", "{15A93150-E226-4E34-ADD0-F40569CA0DE7}"
EndProject
Global
	GlobalSection(SolutionConfigurationPlatforms) = preSolution
		Debug|Any CPU = Debug|Any CPU
		Release|Any CPU = Release|Any CPU
	EndGlobalSection
	GlobalSection(ProjectConfigurationPlatforms) = postSolution
		{15A93150-E226-4E34-ADD0-F40569CA0DE7}.Debug|Any CPU.ActiveCfg = Debug|Any CPU
		{15A93150-E226-4E34-ADD0-F40569CA0DE7}.Debug|Any CPU.Build.0 = Debug|Any CPU
		{15A93150-E226-4E34-ADD0-F40569CA0DE7}.Release|Any CPU.ActiveCfg = Release|Any CPU
		{15A93150-E226-4E34-ADD0-F40569CA0DE7}.Release|Any CPU.Build.0 = Release|Any CPU
	EndGlobalSection
	GlobalSection(SolutionProperties) = preSolution
		HideSolutionNode = FALSE
	EndGlobalSection
	GlobalSection(ExtensibilityGlobals) = postSolution
		SolutionGuid = {9A1FF5A0-8E33-4733-B572-3C6985D9DA0D}
	EndGlobalSection
EndGlobal
