
Microsoft Visual Studio Solution File, Format Version 12.00
# Visual Studio Version 16
VisualStudioVersion = 16.0.30523.141
MinimumVisualStudioVersion = 10.0.40219.1
Project("{FAE04EC0-301F-11D3-BF4B-00C04F79EFBC}") = "Fisa3_3", "Fisa3_3\Fisa3_3.csproj", "{700268A9-85D4-407F-AD56-1A698EF5AC0A}"
EndProject
Global
	GlobalSection(SolutionConfigurationPlatforms) = preSolution
		Debug|Any CPU = Debug|Any CPU
		Release|Any CPU = Release|Any CPU
	EndGlobalSection
	GlobalSection(ProjectConfigurationPlatforms) = postSolution
		{700268A9-85D4-407F-AD56-1A698EF5AC0A}.Debug|Any CPU.ActiveCfg = Debug|Any CPU
		{700268A9-85D4-407F-AD56-1A698EF5AC0A}.Debug|Any CPU.Build.0 = Debug|Any CPU
		{700268A9-85D4-407F-AD56-1A698EF5AC0A}.Release|Any CPU.ActiveCfg = Release|Any CPU
		{700268A9-85D4-407F-AD56-1A698EF5AC0A}.Release|Any CPU.Build.0 = Release|Any CPU
	EndGlobalSection
	GlobalSection(SolutionProperties) = preSolution
		HideSolutionNode = FALSE
	EndGlobalSection
	GlobalSection(ExtensibilityGlobals) = postSolution
		SolutionGuid = {4B0ED90C-C6AF-430B-80DE-63252A3FC0F4}
	EndGlobalSection
EndGlobal
